# Fertigstellungsbericht – CLDF Offline-App v4.5

## Umgesetzt

Die hochgeladene Originaldesign-Version wurde um eine lokale MediaPipe-Körper- und Schritterkennung erweitert. Das bestehende Seitenbild, die Hero-Grafiken, App-Symbole, Farben, Typografie und die ursprünglichen CSS-Regeln wurden beibehalten. Für das neue Live-Kamera-Fenster kamen nur ergänzende Stile hinzu.

### Live- und Videoerkennung

- MediaPipe Pose / BlazePose GHUM Lite vollständig lokal eingebaut
- 33 Körperpunkte pro geeignetem Bild
- Live-Kamera mit automatischem Ende nach ungefähr 18 Sekunden
- Skelett-Overlay während der Liveanalyse
- Analyse aufgenommener oder ausgewählter Videos
- grobe Erkennung von Seit-, Vorwärts-, Rückwärts- und Kreuzschritten, Touch, Kick, Hitch, Heel/Toe, Stomp und Drehungen
- lokale Pose- und Schritt-Signatur
- zeitlich flexibler Vergleich mit eigenen Referenzsignaturen
- Vergleich mit symbolischen Sheet-Mustern
- sichere Lied–Tanz-Zuordnung bleibt immer vorrangig
- Video ohne sicheren Liedtreffer wird nur als Beta-Wahrscheinlichkeit angezeigt

### Starterdaten für die Schritterkennung

Enthalten sind acht symbolische Muster: Electric Slide, Tush Push, Black Coffee, God Blessed Texas, Canadian Stomp, Copperhead Road, Stroll Along Cha Cha und 16-Step. Es werden keine vollständigen fremden Sheet-Texte kopiert.

### Lied- und Tanzerkennung

- automatische Mikrofonaufnahme von ungefähr zwölf Sekunden
- lokale Audio-Fingerprint-Engine
- direkte Lied–Tanz-Zuordnung
- BPM, Taktart, Motion und Rhythmus nur als Reserve
- keine dauerhafte Speicherung von Mikrofon- oder Videoaufnahme

### Daten

- 135 CLDF-Grundtänze
- 659 vollständige Bild-Zuordnungen; abgeschnittene Angaben ausgeschlossen
- 196 lokale eindeutige Tanznamen vor Get-in-Line
- 582 Lieddatensätze
- 237 Lieddatensätze mit BPM

### Get-in-Line

Der vorhandene Importer übernimmt weiterhin nur die vereinbarten Metadaten und den Original-Tanzsheet-Link. Der vollständige Katalog ist in dieser ZIP nicht vorab eingebettet und muss separat aktualisiert werden.

## Noch nicht fertig für alle Tänze

Die technische Grundlage ist eingebaut. Für eine zuverlässige Namensbestimmung aller Tänze fehlen jedoch noch geprüfte symbolische Schrittfolgen und/oder eigene Referenzvideos für die übrigen Tänze. Diese werden in einem späteren Datenarbeitsschritt ergänzt.
